<?xml version="1.0" encoding="UTF-8"?>
<!DOCTYPE plist PUBLIC "-//Apple//DTD PLIST 1.0//EN" "http://www.apple.com/DTDs/PropertyList-1.0.dtd">
<plist version="1.0">
<dict>
	<key>archiveVersion</key>
	<string>1</string>
	<key>classes</key>
	<dict/>
	<key>objectVersion</key>
	<string>46</string>
	<key>objects</key>
	<dict>
		<key>1F92B925531E48EA91C2241E</key>
		<dict>
			<key>includeInIndex</key>
			<string>1</string>
			<key>isa</key>
			<string>PBXFileReference</string>
			<key>lastKnownFileType</key>
			<string>text.xcconfig</string>
			<key>name</key>
			<string>Pods.xcconfig</string>
			<key>path</key>
			<string>Pods/Pods.xcconfig</string>
			<key>sourceTree</key>
			<string>SOURCE_ROOT</string>
		</dict>
		<key>24892E49518C4FECA2447124</key>
		<dict>
			<key>explicitFileType</key>
			<string>archive.ar</string>
			<key>includeInIndex</key>
			<string>0</string>
			<key>isa</key>
			<string>PBXFileReference</string>
			<key>name</key>
			<string>libPods.a</string>
			<key>path</key>
			<string>libPods.a</string>
			<key>sourceTree</key>
			<string>BUILT_PRODUCTS_DIR</string>
		</dict>
		<key>646DDB6D16BC623F0093FA98</key>
		<dict>
			<key>children</key>
			<array>
				<string>646DDB7F16BC623F0093FA98</string>
				<string>646DDB7816BC623F0093FA98</string>
				<string>646DDB7716BC623F0093FA98</string>
				<string>1F92B925531E48EA91C2241E</string>
			</array>
			<key>isa</key>
			<string>PBXGroup</string>
			<key>sourceTree</key>
			<string>&lt;group&gt;</string>
		</dict>
		<key>646DDB6E16BC623F0093FA98</key>
		<dict>
			<key>attributes</key>
			<dict>
				<key>CLASSPREFIX</key>
				<string>MA</string>
				<key>LastUpgradeCheck</key>
				<string>0460</string>
				<key>ORGANIZATIONNAME</key>
				<string>Manuel Alabor</string>
			</dict>
			<key>buildConfigurationList</key>
			<string>646DDB7116BC623F0093FA98</string>
			<key>compatibilityVersion</key>
			<string>Xcode 3.2</string>
			<key>developmentRegion</key>
			<string>English</string>
			<key>hasScannedForEncodings</key>
			<string>0</string>
			<key>isa</key>
			<string>PBXProject</string>
			<key>knownRegions</key>
			<array>
				<string>en</string>
			</array>
			<key>mainGroup</key>
			<string>646DDB6D16BC623F0093FA98</string>
			<key>productRefGroup</key>
			<string>646DDB7716BC623F0093FA98</string>
			<key>projectDirPath</key>
			<string></string>
			<key>projectReferences</key>
			<array/>
			<key>projectRoot</key>
			<string></string>
			<key>targets</key>
			<array>
				<string>646DDB7516BC623F0093FA98</string>
			</array>
		</dict>
		<key>646DDB7116BC623F0093FA98</key>
		<dict>
			<key>buildConfigurations</key>
			<array>
				<string>646DDB9A16BC623F0093FA98</string>
				<string>646DDB9B16BC623F0093FA98</string>
			</array>
			<key>defaultConfigurationIsVisible</key>
			<string>0</string>
			<key>defaultConfigurationName</key>
			<string>Release</string>
			<key>isa</key>
			<string>XCConfigurationList</string>
		</dict>
		<key>646DDB7216BC623F0093FA98</key>
		<dict>
			<key>buildActionMask</key>
			<string>2147483647</string>
			<key>files</key>
			<array>
				<string>646DDB8616BC623F0093FA98</string>
				<string>646DDB8A16BC623F0093FA98</string>
				<string>646DDB9916BC623F0093FA98</string>
			</array>
			<key>isa</key>
			<string>PBXSourcesBuildPhase</string>
			<key>runOnlyForDeploymentPostprocessing</key>
			<string>0</string>
		</dict>
		<key>646DDB7316BC623F0093FA98</key>
		<dict>
			<key>buildActionMask</key>
			<string>2147483647</string>
			<key>files</key>
			<array>
				<string>646DDB7A16BC623F0093FA98</string>
				<string>646DDB7C16BC623F0093FA98</string>
				<string>646DDB7E16BC623F0093FA98</string>
				<string>DF982007644F4816A576D6E9</string>
			</array>
			<key>isa</key>
			<string>PBXFrameworksBuildPhase</string>
			<key>runOnlyForDeploymentPostprocessing</key>
			<string>0</string>
		</dict>
		<key>646DDB7416BC623F0093FA98</key>
		<dict>
			<key>buildActionMask</key>
			<string>2147483647</string>
			<key>files</key>
			<array>
				<string>646DDB8416BC623F0093FA98</string>
				<string>646DDB8C16BC623F0093FA98</string>
				<string>646DDB8E16BC623F0093FA98</string>
				<string>646DDB9016BC623F0093FA98</string>
				<string>646DDB9316BC623F0093FA98</string>
				<string>646DDB9616BC623F0093FA98</string>
			</array>
			<key>isa</key>
			<string>PBXResourcesBuildPhase</string>
			<key>runOnlyForDeploymentPostprocessing</key>
			<string>0</string>
		</dict>
		<key>646DDB7516BC623F0093FA98</key>
		<dict>
			<key>buildConfigurationList</key>
			<string>646DDB9C16BC623F0093FA98</string>
			<key>buildPhases</key>
			<array>
				<string>646DDB7216BC623F0093FA98</string>
				<string>646DDB7316BC623F0093FA98</string>
				<string>646DDB7416BC623F0093FA98</string>
				<string>A61C21C2E7DB4647A771A67E</string>
			</array>
			<key>buildRules</key>
			<array/>
			<key>dependencies</key>
			<array/>
			<key>isa</key>
			<string>PBXNativeTarget</string>
			<key>name</key>
			<string>MACachedImageView</string>
			<key>productName</key>
			<string>MACachedImageView</string>
			<key>productReference</key>
			<string>646DDB7616BC623F0093FA98</string>
			<key>productType</key>
			<string>com.apple.product-type.application</string>
		</dict>
		<key>646DDB7616BC623F0093FA98</key>
		<dict>
			<key>explicitFileType</key>
			<string>wrapper.application</string>
			<key>includeInIndex</key>
			<string>0</string>
			<key>isa</key>
			<string>PBXFileReference</string>
			<key>path</key>
			<string>MACachedImageView.app</string>
			<key>sourceTree</key>
			<string>BUILT_PRODUCTS_DIR</string>
		</dict>
		<key>646DDB7716BC623F0093FA98</key>
		<dict>
			<key>children</key>
			<array>
				<string>646DDB7616BC623F0093FA98</string>
			</array>
			<key>isa</key>
			<string>PBXGroup</string>
			<key>name</key>
			<string>Products</string>
			<key>sourceTree</key>
			<string>&lt;group&gt;</string>
		</dict>
		<key>646DDB7816BC623F0093FA98</key>
		<dict>
			<key>children</key>
			<array>
				<string>646DDB7916BC623F0093FA98</string>
				<string>646DDB7B16BC623F0093FA98</string>
				<string>646DDB7D16BC623F0093FA98</string>
				<string>24892E49518C4FECA2447124</string>
			</array>
			<key>isa</key>
			<string>PBXGroup</string>
			<key>name</key>
			<string>Frameworks</string>
			<key>sourceTree</key>
			<string>&lt;group&gt;</string>
		</dict>
		<key>646DDB7916BC623F0093FA98</key>
		<dict>
			<key>isa</key>
			<string>PBXFileReference</string>
			<key>lastKnownFileType</key>
			<string>wrapper.framework</string>
			<key>name</key>
			<string>UIKit.framework</string>
			<key>path</key>
			<string>System/Library/Frameworks/UIKit.framework</string>
			<key>sourceTree</key>
			<string>SDKROOT</string>
		</dict>
		<key>646DDB7A16BC623F0093FA98</key>
		<dict>
			<key>fileRef</key>
			<string>646DDB7916BC623F0093FA98</string>
			<key>isa</key>
			<string>PBXBuildFile</string>
		</dict>
		<key>646DDB7B16BC623F0093FA98</key>
		<dict>
			<key>isa</key>
			<string>PBXFileReference</string>
			<key>lastKnownFileType</key>
			<string>wrapper.framework</string>
			<key>name</key>
			<string>Foundation.framework</string>
			<key>path</key>
			<string>System/Library/Frameworks/Foundation.framework</string>
			<key>sourceTree</key>
			<string>SDKROOT</string>
		</dict>
		<key>646DDB7C16BC623F0093FA98</key>
		<dict>
			<key>fileRef</key>
			<string>646DDB7B16BC623F0093FA98</string>
			<key>isa</key>
			<string>PBXBuildFile</string>
		</dict>
		<key>646DDB7D16BC623F0093FA98</key>
		<dict>
			<key>isa</key>
			<string>PBXFileReference</string>
			<key>lastKnownFileType</key>
			<string>wrapper.framework</string>
			<key>name</key>
			<string>CoreGraphics.framework</string>
			<key>path</key>
			<string>System/Library/Frameworks/CoreGraphics.framework</string>
			<key>sourceTree</key>
			<string>SDKROOT</string>
		</dict>
		<key>646DDB7E16BC623F0093FA98</key>
		<dict>
			<key>fileRef</key>
			<string>646DDB7D16BC623F0093FA98</string>
			<key>isa</key>
			<string>PBXBuildFile</string>
		</dict>
		<key>646DDB7F16BC623F0093FA98</key>
		<dict>
			<key>children</key>
			<array>
				<string>646DDB9F16BC62870093FA98</string>
				<string>646DDBA016BC62870093FA98</string>
				<string>646DDBA116BC62870093FA98</string>
				<string>646DDBA216BC62870093FA98</string>
				<string>646DDBA316BC62910093FA98</string>
				<string>646DDB8016BC623F0093FA98</string>
			</array>
			<key>isa</key>
			<string>PBXGroup</string>
			<key>path</key>
			<string>MACachedImageView</string>
			<key>sourceTree</key>
			<string>&lt;group&gt;</string>
		</dict>
		<key>646DDB8016BC623F0093FA98</key>
		<dict>
			<key>children</key>
			<array>
				<string>646DDB8116BC623F0093FA98</string>
				<string>646DDB8216BC623F0093FA98</string>
				<string>646DDB8516BC623F0093FA98</string>
				<string>646DDB8716BC623F0093FA98</string>
				<string>646DDB8B16BC623F0093FA98</string>
				<string>646DDB8D16BC623F0093FA98</string>
				<string>646DDB8F16BC623F0093FA98</string>
			</array>
			<key>isa</key>
			<string>PBXGroup</string>
			<key>name</key>
			<string>Supporting Files</string>
			<key>sourceTree</key>
			<string>&lt;group&gt;</string>
		</dict>
		<key>646DDB8116BC623F0093FA98</key>
		<dict>
			<key>isa</key>
			<string>PBXFileReference</string>
			<key>lastKnownFileType</key>
			<string>text.plist.xml</string>
			<key>path</key>
			<string>MACachedImageView-Info.plist</string>
			<key>sourceTree</key>
			<string>&lt;group&gt;</string>
		</dict>
		<key>646DDB8216BC623F0093FA98</key>
		<dict>
			<key>children</key>
			<array>
				<string>646DDB8316BC623F0093FA98</string>
			</array>
			<key>isa</key>
			<string>PBXVariantGroup</string>
			<key>name</key>
			<string>InfoPlist.strings</string>
			<key>sourceTree</key>
			<string>&lt;group&gt;</string>
		</dict>
		<key>646DDB8316BC623F0093FA98</key>
		<dict>
			<key>isa</key>
			<string>PBXFileReference</string>
			<key>lastKnownFileType</key>
			<string>text.plist.strings</string>
			<key>name</key>
			<string>en</string>
			<key>path</key>
			<string>en.lproj/InfoPlist.strings</string>
			<key>sourceTree</key>
			<string>&lt;group&gt;</string>
		</dict>
		<key>646DDB8416BC623F0093FA98</key>
		<dict>
			<key>fileRef</key>
			<string>646DDB8216BC623F0093FA98</string>
			<key>isa</key>
			<string>PBXBuildFile</string>
		</dict>
		<key>646DDB8516BC623F0093FA98</key>
		<dict>
			<key>isa</key>
			<string>PBXFileReference</string>
			<key>lastKnownFileType</key>
			<string>sourcecode.c.objc</string>
			<key>path</key>
			<string>main.m</string>
			<key>sourceTree</key>
			<string>&lt;group&gt;</string>
		</dict>
		<key>646DDB8616BC623F0093FA98</key>
		<dict>
			<key>fileRef</key>
			<string>646DDB8516BC623F0093FA98</string>
			<key>isa</key>
			<string>PBXBuildFile</string>
		</dict>
		<key>646DDB8716BC623F0093FA98</key>
		<dict>
			<key>isa</key>
			<string>PBXFileReference</string>
			<key>lastKnownFileType</key>
			<string>sourcecode.c.h</string>
			<key>path</key>
			<string>MACachedImageView-Prefix.pch</string>
			<key>sourceTree</key>
			<string>&lt;group&gt;</string>
		</dict>
		<key>646DDB8816BC623F0093FA98</key>
		<dict>
			<key>isa</key>
			<string>PBXFileReference</string>
			<key>lastKnownFileType</key>
			<string>sourcecode.c.h</string>
			<key>path</key>
			<string>MAAppDelegate.h</string>
			<key>sourceTree</key>
			<string>&lt;group&gt;</string>
		</dict>
		<key>646DDB8916BC623F0093FA98</key>
		<dict>
			<key>isa</key>
			<string>PBXFileReference</string>
			<key>lastKnownFileType</key>
			<string>sourcecode.c.objc</string>
			<key>path</key>
			<string>MAAppDelegate.m</string>
			<key>sourceTree</key>
			<string>&lt;group&gt;</string>
		</dict>
		<key>646DDB8A16BC623F0093FA98</key>
		<dict>
			<key>fileRef</key>
			<string>646DDB8916BC623F0093FA98</string>
			<key>isa</key>
			<string>PBXBuildFile</string>
		</dict>
		<key>646DDB8B16BC623F0093FA98</key>
		<dict>
			<key>isa</key>
			<string>PBXFileReference</string>
			<key>lastKnownFileType</key>
			<string>image.png</string>
			<key>path</key>
			<string>Default.png</string>
			<key>sourceTree</key>
			<string>&lt;group&gt;</string>
		</dict>
		<key>646DDB8C16BC623F0093FA98</key>
		<dict>
			<key>fileRef</key>
			<string>646DDB8B16BC623F0093FA98</string>
			<key>isa</key>
			<string>PBXBuildFile</string>
		</dict>
		<key>646DDB8D16BC623F0093FA98</key>
		<dict>
			<key>isa</key>
			<string>PBXFileReference</string>
			<key>lastKnownFileType</key>
			<string>image.png</string>
			<key>path</key>
			<string>Default@2x.png</string>
			<key>sourceTree</key>
			<string>&lt;group&gt;</string>
		</dict>
		<key>646DDB8E16BC623F0093FA98</key>
		<dict>
			<key>fileRef</key>
			<string>646DDB8D16BC623F0093FA98</string>
			<key>isa</key>
			<string>PBXBuildFile</string>
		</dict>
		<key>646DDB8F16BC623F0093FA98</key>
		<dict>
			<key>isa</key>
			<string>PBXFileReference</string>
			<key>lastKnownFileType</key>
			<string>image.png</string>
			<key>path</key>
			<string>Default-568h@2x.png</string>
			<key>sourceTree</key>
			<string>&lt;group&gt;</string>
		</dict>
		<key>646DDB9016BC623F0093FA98</key>
		<dict>
			<key>fileRef</key>
			<string>646DDB8F16BC623F0093FA98</string>
			<key>isa</key>
			<string>PBXBuildFile</string>
		</dict>
		<key>646DDB9116BC623F0093FA98</key>
		<dict>
			<key>children</key>
			<array>
				<string>646DDB9216BC623F0093FA98</string>
			</array>
			<key>isa</key>
			<string>PBXVariantGroup</string>
			<key>name</key>
			<string>MainStoryboard_iPhone.storyboard</string>
			<key>sourceTree</key>
			<string>&lt;group&gt;</string>
		</dict>
		<key>646DDB9216BC623F0093FA98</key>
		<dict>
			<key>isa</key>
			<string>PBXFileReference</string>
			<key>lastKnownFileType</key>
			<string>file.storyboard</string>
			<key>name</key>
			<string>en</string>
			<key>path</key>
			<string>en.lproj/MainStoryboard_iPhone.storyboard</string>
			<key>sourceTree</key>
			<string>&lt;group&gt;</string>
		</dict>
		<key>646DDB9316BC623F0093FA98</key>
		<dict>
			<key>fileRef</key>
			<string>646DDB9116BC623F0093FA98</string>
			<key>isa</key>
			<string>PBXBuildFile</string>
		</dict>
		<key>646DDB9416BC623F0093FA98</key>
		<dict>
			<key>children</key>
			<array>
				<string>646DDB9516BC623F0093FA98</string>
			</array>
			<key>isa</key>
			<string>PBXVariantGroup</string>
			<key>name</key>
			<string>MainStoryboard_iPad.storyboard</string>
			<key>sourceTree</key>
			<string>&lt;group&gt;</string>
		</dict>
		<key>646DDB9516BC623F0093FA98</key>
		<dict>
			<key>isa</key>
			<string>PBXFileReference</string>
			<key>lastKnownFileType</key>
			<string>file.storyboard</string>
			<key>name</key>
			<string>en</string>
			<key>path</key>
			<string>en.lproj/MainStoryboard_iPad.storyboard</string>
			<key>sourceTree</key>
			<string>&lt;group&gt;</string>
		</dict>
		<key>646DDB9616BC623F0093FA98</key>
		<dict>
			<key>fileRef</key>
			<string>646DDB9416BC623F0093FA98</string>
			<key>isa</key>
			<string>PBXBuildFile</string>
		</dict>
		<key>646DDB9716BC623F0093FA98</key>
		<dict>
			<key>isa</key>
			<string>PBXFileReference</string>
			<key>lastKnownFileType</key>
			<string>sourcecode.c.h</string>
			<key>path</key>
			<string>MAViewController.h</string>
			<key>sourceTree</key>
			<string>&lt;group&gt;</string>
		</dict>
		<key>646DDB9816BC623F0093FA98</key>
		<dict>
			<key>isa</key>
			<string>PBXFileReference</string>
			<key>lastKnownFileType</key>
			<string>sourcecode.c.objc</string>
			<key>path</key>
			<string>MAViewController.m</string>
			<key>sourceTree</key>
			<string>&lt;group&gt;</string>
		</dict>
		<key>646DDB9916BC623F0093FA98</key>
		<dict>
			<key>fileRef</key>
			<string>646DDB9816BC623F0093FA98</string>
			<key>isa</key>
			<string>PBXBuildFile</string>
		</dict>
		<key>646DDB9A16BC623F0093FA98</key>
		<dict>
			<key>buildSettings</key>
			<dict>
				<key>ALWAYS_SEARCH_USER_PATHS</key>
				<string>NO</string>
				<key>CLANG_CXX_LANGUAGE_STANDARD</key>
				<string>gnu++0x</string>
				<key>CLANG_CXX_LIBRARY</key>
				<string>libc++</string>
				<key>CLANG_ENABLE_OBJC_ARC</key>
				<string>YES</string>
				<key>CLANG_WARN_CONSTANT_CONVERSION</key>
				<string>YES</string>
				<key>CLANG_WARN_EMPTY_BODY</key>
				<string>YES</string>
				<key>CLANG_WARN_ENUM_CONVERSION</key>
				<string>YES</string>
				<key>CLANG_WARN_INT_CONVERSION</key>
				<string>YES</string>
				<key>CLANG_WARN__DUPLICATE_METHOD_MATCH</key>
				<string>YES</string>
				<key>CODE_SIGN_IDENTITY[sdk=iphoneos*]</key>
				<string>iPhone Developer</string>
				<key>COPY_PHASE_STRIP</key>
				<string>NO</string>
				<key>GCC_C_LANGUAGE_STANDARD</key>
				<string>gnu99</string>
				<key>GCC_DYNAMIC_NO_PIC</key>
				<string>NO</string>
				<key>GCC_OPTIMIZATION_LEVEL</key>
				<string>0</string>
				<key>GCC_PREPROCESSOR_DEFINITIONS</key>
				<array>
					<string>DEBUG=1</string>
					<string>$(inherited)</string>
				</array>
				<key>GCC_SYMBOLS_PRIVATE_EXTERN</key>
				<string>NO</string>
				<key>GCC_WARN_ABOUT_RETURN_TYPE</key>
				<string>YES</string>
				<key>GCC_WARN_UNINITIALIZED_AUTOS</key>
				<string>YES</string>
				<key>GCC_WARN_UNUSED_VARIABLE</key>
				<string>YES</string>
				<key>IPHONEOS_DEPLOYMENT_TARGET</key>
				<string>6.1</string>
				<key>ONLY_ACTIVE_ARCH</key>
				<string>YES</string>
				<key>SDKROOT</key>
				<string>iphoneos</string>
				<key>TARGETED_DEVICE_FAMILY</key>
				<string>1,2</string>
			</dict>
			<key>isa</key>
			<string>XCBuildConfiguration</string>
			<key>name</key>
			<string>Debug</string>
		</dict>
		<key>646DDB9B16BC623F0093FA98</key>
		<dict>
			<key>buildSettings</key>
			<dict>
				<key>ALWAYS_SEARCH_USER_PATHS</key>
				<string>NO</string>
				<key>CLANG_CXX_LANGUAGE_STANDARD</key>
				<string>gnu++0x</string>
				<key>CLANG_CXX_LIBRARY</key>
				<string>libc++</string>
				<key>CLANG_ENABLE_OBJC_ARC</key>
				<string>YES</string>
				<key>CLANG_WARN_CONSTANT_CONVERSION</key>
				<string>YES</string>
				<key>CLANG_WARN_EMPTY_BODY</key>
				<string>YES</string>
				<key>CLANG_WARN_ENUM_CONVERSION</key>
				<string>YES</string>
				<key>CLANG_WARN_INT_CONVERSION</key>
				<string>YES</string>
				<key>CLANG_WARN__DUPLICATE_METHOD_MATCH</key>
				<string>YES</string>
				<key>CODE_SIGN_IDENTITY[sdk=iphoneos*]</key>
				<string>iPhone Developer</string>
				<key>COPY_PHASE_STRIP</key>
				<string>YES</string>
				<key>GCC_C_LANGUAGE_STANDARD</key>
				<string>gnu99</string>
				<key>GCC_WARN_ABOUT_RETURN_TYPE</key>
				<string>YES</string>
				<key>GCC_WARN_UNINITIALIZED_AUTOS</key>
				<string>YES</string>
				<key>GCC_WARN_UNUSED_VARIABLE</key>
				<string>YES</string>
				<key>IPHONEOS_DEPLOYMENT_TARGET</key>
				<string>6.1</string>
				<key>OTHER_CFLAGS</key>
				<string>-DNS_BLOCK_ASSERTIONS=1</string>
				<key>SDKROOT</key>
				<string>iphoneos</string>
				<key>TARGETED_DEVICE_FAMILY</key>
				<string>1,2</string>
				<key>VALIDATE_PRODUCT</key>
				<string>YES</string>
			</dict>
			<key>isa</key>
			<string>XCBuildConfiguration</string>
			<key>name</key>
			<string>Release</string>
		</dict>
		<key>646DDB9C16BC623F0093FA98</key>
		<dict>
			<key>buildConfigurations</key>
			<array>
				<string>646DDB9D16BC623F0093FA98</string>
				<string>646DDB9E16BC623F0093FA98</string>
			</array>
			<key>defaultConfigurationIsVisible</key>
			<string>0</string>
			<key>defaultConfigurationName</key>
			<string>Release</string>
			<key>isa</key>
			<string>XCConfigurationList</string>
		</dict>
		<key>646DDB9D16BC623F0093FA98</key>
		<dict>
			<key>baseConfigurationReference</key>
			<string>1F92B925531E48EA91C2241E</string>
			<key>buildSettings</key>
			<dict>
				<key>GCC_PRECOMPILE_PREFIX_HEADER</key>
				<string>YES</string>
				<key>GCC_PREFIX_HEADER</key>
				<string>MACachedImageView/MACachedImageView-Prefix.pch</string>
				<key>INFOPLIST_FILE</key>
				<string>MACachedImageView/MACachedImageView-Info.plist</string>
				<key>PRODUCT_NAME</key>
				<string>$(TARGET_NAME)</string>
				<key>WRAPPER_EXTENSION</key>
				<string>app</string>
			</dict>
			<key>isa</key>
			<string>XCBuildConfiguration</string>
			<key>name</key>
			<string>Debug</string>
		</dict>
		<key>646DDB9E16BC623F0093FA98</key>
		<dict>
			<key>baseConfigurationReference</key>
			<string>1F92B925531E48EA91C2241E</string>
			<key>buildSettings</key>
			<dict>
				<key>GCC_PRECOMPILE_PREFIX_HEADER</key>
				<string>YES</string>
				<key>GCC_PREFIX_HEADER</key>
				<string>MACachedImageView/MACachedImageView-Prefix.pch</string>
				<key>INFOPLIST_FILE</key>
				<string>MACachedImageView/MACachedImageView-Info.plist</string>
				<key>PRODUCT_NAME</key>
				<string>$(TARGET_NAME)</string>
				<key>WRAPPER_EXTENSION</key>
				<string>app</string>
			</dict>
			<key>isa</key>
			<string>XCBuildConfiguration</string>
			<key>name</key>
			<string>Release</string>
		</dict>
		<key>646DDB9F16BC62870093FA98</key>
		<dict>
			<key>isa</key>
			<string>PBXFileReference</string>
			<key>lastKnownFileType</key>
			<string>sourcecode.c.h</string>
			<key>path</key>
			<string>MACachedImageView.h</string>
			<key>sourceTree</key>
			<string>&lt;group&gt;</string>
		</dict>
		<key>646DDBA016BC62870093FA98</key>
		<dict>
			<key>isa</key>
			<string>PBXFileReference</string>
			<key>lastKnownFileType</key>
			<string>sourcecode.c.objc</string>
			<key>path</key>
			<string>MACachedImageView.m</string>
			<key>sourceTree</key>
			<string>&lt;group&gt;</string>
		</dict>
		<key>646DDBA116BC62870093FA98</key>
		<dict>
			<key>isa</key>
			<string>PBXFileReference</string>
			<key>lastKnownFileType</key>
			<string>sourcecode.c.h</string>
			<key>path</key>
			<string>NSString+MD5.h</string>
			<key>sourceTree</key>
			<string>&lt;group&gt;</string>
		</dict>
		<key>646DDBA216BC62870093FA98</key>
		<dict>
			<key>isa</key>
			<string>PBXFileReference</string>
			<key>lastKnownFileType</key>
			<string>sourcecode.c.objc</string>
			<key>path</key>
			<string>NSString+MD5.m</string>
			<key>sourceTree</key>
			<string>&lt;group&gt;</string>
		</dict>
		<key>646DDBA316BC62910093FA98</key>
		<dict>
			<key>children</key>
			<array>
				<string>646DDB8816BC623F0093FA98</string>
				<string>646DDB8916BC623F0093FA98</string>
				<string>646DDB9116BC623F0093FA98</string>
				<string>646DDB9416BC623F0093FA98</string>
				<string>646DDB9716BC623F0093FA98</string>
				<string>646DDB9816BC623F0093FA98</string>
			</array>
			<key>isa</key>
			<string>PBXGroup</string>
			<key>name</key>
			<string>Demo</string>
			<key>sourceTree</key>
			<string>&lt;group&gt;</string>
		</dict>
		<key>A61C21C2E7DB4647A771A67E</key>
		<dict>
			<key>buildActionMask</key>
			<string>2147483647</string>
			<key>files</key>
			<array/>
			<key>inputPaths</key>
			<array/>
			<key>isa</key>
			<string>PBXShellScriptBuildPhase</string>
			<key>name</key>
			<string>Copy Pods Resources</string>
			<key>outputPaths</key>
			<array/>
			<key>runOnlyForDeploymentPostprocessing</key>
			<string>0</string>
			<key>shellPath</key>
			<string>/bin/sh</string>
			<key>shellScript</key>
			<string>"${SRCROOT}/Pods/Pods-resources.sh"
</string>
			<key>showEnvVarsInLog</key>
			<string>1</string>
		</dict>
		<key>DF982007644F4816A576D6E9</key>
		<dict>
			<key>fileRef</key>
			<string>24892E49518C4FECA2447124</string>
			<key>isa</key>
			<string>PBXBuildFile</string>
			<key>settings</key>
			<dict/>
		</dict>
	</dict>
	<key>rootObject</key>
	<string>646DDB6E16BC623F0093FA98</string>
</dict>
</plist>
